{
  "name": "restProductsfile",
  "lockfileVersion": 3,
  "requires": true,
  "packages": {
    "": {
      "dependencies": {
        "@react-oauth/google": "^0.12.1",
        "@reduxjs/toolkit": "^2.3.0",
        "react-facebook-login": "^4.1.1",
        "react-redux": "^9.1.2",
        "react-router-dom": "^6.27.0"
      }
    },
    "node_modules/@react-oauth/google": {
      "version": "0.12.1",
      "resolved": "https://registry.npmjs.org/@react-oauth/google/-/google-0.12.1.tgz",
      "integrity": "sha512-qagsy22t+7UdkYAiT5ZhfM4StXi9PPNvw0zuwNmabrWyMKddczMtBIOARflbaIj+wHiQjnMAsZmzsUYuXeyoSg==",
      "license": "MIT",
      "peerDependencies": {
        "react": ">=16.8.0",
        "react-dom": ">=16.8.0"
      }
    },
    "node_modules/@reduxjs/toolkit": {
      "version": "2.3.0",
      "resolved": "https://registry.npmjs.org/@reduxjs/toolkit/-/toolkit-2.3.0.tgz",
      "integrity": "sha512-WC7Yd6cNGfHx8zf+iu+Q1UPTfEcXhQ+ATi7CV1hlrSAaQBdlPzg7Ww/wJHNQem7qG9rxmWoFCDCPubSvFObGzA==",
      "license": "MIT",
      "dependencies": {
        "immer": "^10.0.3",
        "redux": "^5.0.1",
        "redux-thunk": "^3.1.0",
        "reselect": "^5.1.0"
      },
      "peerDependencies": {
        "react": "^16.9.0 || ^17.0.0 || ^18",
        "react-redux": "^7.2.1 || ^8.1.3 || ^9.0.0"
      },
      "peerDependenciesMeta": {
        "react": {
          "optional": true
        },
        "react-redux": {
          "optional": true
        }
      }
    },
    "node_modules/@remix-run/router": {
      "version": "1.20.0",
      "resolved": "https://registry.npmjs.org/@remix-run/router/-/router-1.20.0.tgz",
      "integrity": "sha512-mUnk8rPJBI9loFDZ+YzPGdeniYK+FTmRD1TMCz7ev2SNIozyKKpnGgsxO34u6Z4z/t0ITuu7voi/AshfsGsgFg==",
      "license": "MIT",
      "engines": {
        "node": ">=14.0.0"
      }
    },
    "node_modules/@types/use-sync-external-store": {
      "version": "0.0.3",
      "resolved": "https://registry.npmjs.org/@types/use-sync-external-store/-/use-sync-external-store-0.0.3.tgz",
      "integrity": "sha512-EwmlvuaxPNej9+T4v5AuBPJa2x2UOJVdjCtDHgcDqitUeOtjnJKJ+apYjVcAoBEMjKW1VVFGZLUb5+qqa09XFA==",
      "license": "MIT"
    },
    "node_modules/immer": {
      "version": "10.1.1",
      "resolved": "https://registry.npmjs.org/immer/-/immer-10.1.1.tgz",
      "integrity": "sha512-s2MPrmjovJcoMaHtx6K11Ra7oD05NT97w1IC5zpMkT6Atjr7H8LjaDd81iIxUYpMKSRRNMJE703M1Fhr/TctHw==",
      "license": "MIT",
      "funding": {
        "type": "opencollective",
        "url": "https://opencollective.com/immer"
      }
    },
    "node_modules/react-facebook-login": {
      "version": "4.1.1",
      "resolved": "https://registry.npmjs.org/react-facebook-login/-/react-facebook-login-4.1.1.tgz",
      "integrity": "sha512-COnHEHlYGTKipz4963safFAK9PaNTcCiXfPXMS/yxo8El+/AJL5ye8kMJf23lKSSGGPgqFQuInskIHVqGqTvSw==",
      "license": "MIT",
      "peerDependencies": {
        "react": "^16.0.0"
      }
    },
    "node_modules/react-redux": {
      "version": "9.1.2",
      "resolved": "https://registry.npmjs.org/react-redux/-/react-redux-9.1.2.tgz",
      "integrity": "sha512-0OA4dhM1W48l3uzmv6B7TXPCGmokUU4p1M44DGN2/D9a1FjVPukVjER1PcPX97jIg6aUeLq1XJo1IpfbgULn0w==",
      "license": "MIT",
      "dependencies": {
        "@types/use-sync-external-store": "^0.0.3",
        "use-sync-external-store": "^1.0.0"
      },
      "peerDependencies": {
        "@types/react": "^18.2.25",
        "react": "^18.0",
        "redux": "^5.0.0"
      },
      "peerDependenciesMeta": {
        "@types/react": {
          "optional": true
        },
        "redux": {
          "optional": true
        }
      }
    },
    "node_modules/react-router": {
      "version": "6.27.0",
      "resolved": "https://registry.npmjs.org/react-router/-/react-router-6.27.0.tgz",
      "integrity": "sha512-YA+HGZXz4jaAkVoYBE98VQl+nVzI+cVI2Oj/06F5ZM+0u3TgedN9Y9kmMRo2mnkSK2nCpNQn0DVob4HCsY/WLw==",
      "license": "MIT",
      "dependencies": {
        "@remix-run/router": "1.20.0"
      },
      "engines": {
        "node": ">=14.0.0"
      },
      "peerDependencies": {
        "react": ">=16.8"
      }
    },
    "node_modules/react-router-dom": {
      "version": "6.27.0",
      "resolved": "https://registry.npmjs.org/react-router-dom/-/react-router-dom-6.27.0.tgz",
      "integrity": "sha512-+bvtFWMC0DgAFrfKXKG9Fc+BcXWRUO1aJIihbB79xaeq0v5UzfvnM5houGUm1Y461WVRcgAQ+Clh5rdb1eCx4g==",
      "license": "MIT",
      "dependencies": {
        "@remix-run/router": "1.20.0",
        "react-router": "6.27.0"
      },
      "engines": {
        "node": ">=14.0.0"
      },
      "peerDependencies": {
        "react": ">=16.8",
        "react-dom": ">=16.8"
      }
    },
    "node_modules/redux": {
      "version": "5.0.1",
      "resolved": "https://registry.npmjs.org/redux/-/redux-5.0.1.tgz",
      "integrity": "sha512-M9/ELqF6fy8FwmkpnF0S3YKOqMyoWJ4+CS5Efg2ct3oY9daQvd/Pc71FpGZsVsbl3Cpb+IIcjBDUnnyBdQbq4w==",
      "license": "MIT"
    },
    "node_modules/redux-thunk": {
      "version": "3.1.0",
      "resolved": "https://registry.npmjs.org/redux-thunk/-/redux-thunk-3.1.0.tgz",
      "integrity": "sha512-NW2r5T6ksUKXCabzhL9z+h206HQw/NJkcLm1GPImRQ8IzfXwRGqjVhKJGauHirT0DAuyy6hjdnMZaRoAcy0Klw==",
      "license": "MIT",
      "peerDependencies": {
        "redux": "^5.0.0"
      }
    },
    "node_modules/reselect": {
      "version": "5.1.1",
      "resolved": "https://registry.npmjs.org/reselect/-/reselect-5.1.1.tgz",
      "integrity": "sha512-K/BG6eIky/SBpzfHZv/dd+9JBFiS4SWV7FIujVyJRux6e45+73RaUHXLmIR1f7WOMaQ0U1km6qwklRQxpJJY0w==",
      "license": "MIT"
    },
    "node_modules/use-sync-external-store": {
      "version": "1.2.2",
      "resolved": "https://registry.npmjs.org/use-sync-external-store/-/use-sync-external-store-1.2.2.tgz",
      "integrity": "sha512-PElTlVMwpblvbNqQ82d2n6RjStvdSoNe9FG28kNfz3WiXilJm4DdNkEzRhCZuIDwY8U08WVihhGR5iRqAwfDiw==",
      "license": "MIT",
      "peerDependencies": {
        "react": "^16.8.0 || ^17.0.0 || ^18.0.0"
      }
    }
  }
}
